
Microsoft Visual Studio Solution File, Format Version 12.00
# Visual Studio Version 16
VisualStudioVersion = 16.0.33927.289
MinimumVisualStudioVersion = 10.0.40219.1
Project("{FAE04EC0-301F-11D3-BF4B-00C04F79EFBC}") = "Form_Empleado", "Form_Empleado.csproj", "{C9343269-B4F1-4F0E-920A-83CBE3241D84}"
EndProject
Global
	GlobalSection(SolutionConfigurationPlatforms) = preSolution
		Debug|Any CPU = Debug|Any CPU
		Release|Any CPU = Release|Any CPU
	EndGlobalSection
	GlobalSection(ProjectConfigurationPlatforms) = postSolution
		{C9343269-B4F1-4F0E-920A-83CBE3241D84}.Debug|Any CPU.ActiveCfg = Debug|Any CPU
		{C9343269-B4F1-4F0E-920A-83CBE3241D84}.Debug|Any CPU.Build.0 = Debug|Any CPU
		{C9343269-B4F1-4F0E-920A-83CBE3241D84}.Release|Any CPU.ActiveCfg = Release|Any CPU
		{C9343269-B4F1-4F0E-920A-83CBE3241D84}.Release|Any CPU.Build.0 = Release|Any CPU
	EndGlobalSection
	GlobalSection(SolutionProperties) = preSolution
		HideSolutionNode = FALSE
	EndGlobalSection
	GlobalSection(ExtensibilityGlobals) = postSolution
		SolutionGuid = {55E0A271-0A69-4E73-8E12-B7E9B48B5AEA}
	EndGlobalSection
EndGlobal
