
Microsoft Visual Studio Solution File, Format Version 12.00
# Visual Studio Version 16
VisualStudioVersion = 16.0.34301.259
MinimumVisualStudioVersion = 10.0.40219.1
Project("{FAE04EC0-301F-11D3-BF4B-00C04F79EFBC}") = "GestionEmpleados2023", "GestionEmpleados2023\GestionEmpleados2023.csproj", "{750DD7BD-32C1-4C0E-BACC-53B0F944657B}"
EndProject
Global
	GlobalSection(SolutionConfigurationPlatforms) = preSolution
		Debug|Any CPU = Debug|Any CPU
		Release|Any CPU = Release|Any CPU
	EndGlobalSection
	GlobalSection(ProjectConfigurationPlatforms) = postSolution
		{750DD7BD-32C1-4C0E-BACC-53B0F944657B}.Debug|Any CPU.ActiveCfg = Debug|Any CPU
		{750DD7BD-32C1-4C0E-BACC-53B0F944657B}.Debug|Any CPU.Build.0 = Debug|Any CPU
		{750DD7BD-32C1-4C0E-BACC-53B0F944657B}.Release|Any CPU.ActiveCfg = Release|Any CPU
		{750DD7BD-32C1-4C0E-BACC-53B0F944657B}.Release|Any CPU.Build.0 = Release|Any CPU
	EndGlobalSection
	GlobalSection(SolutionProperties) = preSolution
		HideSolutionNode = FALSE
	EndGlobalSection
	GlobalSection(ExtensibilityGlobals) = postSolution
		SolutionGuid = {C8DD658A-35AE-42C8-B422-250FAEB02D24}
	EndGlobalSection
EndGlobal
