
Microsoft Visual Studio Solution File, Format Version 12.00
# Visual Studio Version 16
VisualStudioVersion = 16.0.33927.289
MinimumVisualStudioVersion = 10.0.40219.1
Project("{FAE04EC0-301F-11D3-BF4B-00C04F79EFBC}") = "Controles_De_Vera", "Controles_De_Vera.csproj", "{CFC837E6-5E4A-4A80-A2DC-38FAEA19DB78}"
EndProject
Global
	GlobalSection(SolutionConfigurationPlatforms) = preSolution
		Debug|Any CPU = Debug|Any CPU
		Release|Any CPU = Release|Any CPU
	EndGlobalSection
	GlobalSection(ProjectConfigurationPlatforms) = postSolution
		{CFC837E6-5E4A-4A80-A2DC-38FAEA19DB78}.Debug|Any CPU.ActiveCfg = Debug|Any CPU
		{CFC837E6-5E4A-4A80-A2DC-38FAEA19DB78}.Debug|Any CPU.Build.0 = Debug|Any CPU
		{CFC837E6-5E4A-4A80-A2DC-38FAEA19DB78}.Release|Any CPU.ActiveCfg = Release|Any CPU
		{CFC837E6-5E4A-4A80-A2DC-38FAEA19DB78}.Release|Any CPU.Build.0 = Release|Any CPU
	EndGlobalSection
	GlobalSection(SolutionProperties) = preSolution
		HideSolutionNode = FALSE
	EndGlobalSection
	GlobalSection(ExtensibilityGlobals) = postSolution
		SolutionGuid = {256D90AE-F66E-4053-A20B-878504252FE4}
	EndGlobalSection
EndGlobal
