
Microsoft Visual Studio Solution File, Format Version 12.00
# Visual Studio Version 16
VisualStudioVersion = 16.0.33927.289
MinimumVisualStudioVersion = 10.0.40219.1
Project("{FAE04EC0-301F-11D3-BF4B-00C04F79EFBC}") = "Orla", "Orla.csproj", "{C367B349-798D-40DC-9705-3D2904D8D9C0}"
EndProject
Global
	GlobalSection(SolutionConfigurationPlatforms) = preSolution
		Debug|Any CPU = Debug|Any CPU
		Release|Any CPU = Release|Any CPU
	EndGlobalSection
	GlobalSection(ProjectConfigurationPlatforms) = postSolution
		{C367B349-798D-40DC-9705-3D2904D8D9C0}.Debug|Any CPU.ActiveCfg = Debug|Any CPU
		{C367B349-798D-40DC-9705-3D2904D8D9C0}.Debug|Any CPU.Build.0 = Debug|Any CPU
		{C367B349-798D-40DC-9705-3D2904D8D9C0}.Release|Any CPU.ActiveCfg = Release|Any CPU
		{C367B349-798D-40DC-9705-3D2904D8D9C0}.Release|Any CPU.Build.0 = Release|Any CPU
	EndGlobalSection
	GlobalSection(SolutionProperties) = preSolution
		HideSolutionNode = FALSE
	EndGlobalSection
	GlobalSection(ExtensibilityGlobals) = postSolution
		SolutionGuid = {1C680F9D-1CD7-4969-A4FE-79E1BECBAE1D}
	EndGlobalSection
EndGlobal
